{
  "name": "Lakshman",
  "version": "1.0.0",
  "lockfileVersion": 3,
  "requires": true,
  "packages": {
    "": {
      "name": "Lakshman",
      "version": "1.0.0",
      "dependencies": {
        "mdb-ui-kit": "^7.1.0"
      }
    },
    "node_modules/mdb-ui-kit": {
      "version": "7.1.0",
      "resolved": "https://registry.npmjs.org/mdb-ui-kit/-/mdb-ui-kit-7.1.0.tgz",
      "integrity": "sha512-10eKRstgrkobdWXMIpSkBS2xUJIFGehfbx9V/hEF9HB2RDeAoRSjdXyl15w7R7tya26k24JZJe0FozE0EHVikA=="
    }
  }
}
